// !$*UTF8*$!
{
	archiveVersion = 1;
	classes = {
	};
	objectVersion = 46;
	objects = {

/* Begin PBXBuildFile section */
		D1B1A3F11B2138EB00CC6C3B /* main.m in Sources */ = {isa = PBXBuildFile; fileRef = D1B1A3F01B2138EB00CC6C3B /* main.m */; };
		D1B1A3F41B2138EB00CC6C3B /* AppDelegate.m in Sources */ = {isa = PBXBuildFile; fileRef = D1B1A3F31B2138EB00CC6C3B /* AppDelegate.m */; };
		D1B1A3F71B2138EB00CC6C3B /* ViewController.m in Sources */ = {isa = PBXBuildFile; fileRef = D1B1A3F61B2138EB00CC6C3B /* ViewController.m */; };
		D1B1A3FA1B2138EB00CC6C3B /* Main.storyboard in Resources */ = {isa = PBXBuildFile; fileRef = D1B1A3F81B2138EB00CC6C3B /* Main.storyboard */; };
		D1B1A3FC1B2138EB00CC6C3B /* Images.xcassets in Resources */ = {isa = PBXBuildFile; fileRef = D1B1A3FB1B2138EB00CC6C3B /* Images.xcassets */; };
		D1B1A3FF1B2138EB00CC6C3B /* LaunchScreen.xib in Resources */ = {isa = PBXBuildFile; fileRef = D1B1A3FD1B2138EB00CC6C3B /* LaunchScreen.xib */; };
		D1B1A40B1B2138EB00CC6C3B /* LoginTransitionTests.m in Sources */ = {isa = PBXBuildFile; fileRef = D1B1A40A1B2138EB00CC6C3B /* LoginTransitionTests.m */; };
		D1B1A4161B2138F800CC6C3B /* FYLoginTranslation.m in Sources */ = {isa = PBXBuildFile; fileRef = D1B1A4151B2138F800CC6C3B /* FYLoginTranslation.m */; };
		D1B1A41A1B21393A00CC6C3B /* SecondViewController.m in Sources */ = {isa = PBXBuildFile; fileRef = D1B1A4181B21393A00CC6C3B /* SecondViewController.m */; };
		D1B1A41B1B21393A00CC6C3B /* SecondViewController.xib in Resources */ = {isa = PBXBuildFile; fileRef = D1B1A4191B21393A00CC6C3B /* SecondViewController.xib */; };
		D1B1A41D1B21A5E200CC6C3B /* background.jpg in Resources */ = {isa = PBXBuildFile; fileRef = D1B1A41C1B21A5E200CC6C3B /* background.jpg */; };
		D1B1A4231B21B32300CC6C3B /* login.jpg in Resources */ = {isa = PBXBuildFile; fileRef = D1B1A4221B21B32300CC6C3B /* login.jpg */; };
/* End PBXBuildFile section */

/* Begin PBXContainerItemProxy section */
		D1B1A4051B2138EB00CC6C3B /* PBXContainerItemProxy */ = {
			isa = PBXContainerItemProxy;
			containerPortal = D1B1A3E31B2138EB00CC6C3B /* Project object */;
			proxyType = 1;
			remoteGlobalIDString = D1B1A3EA1B2138EB00CC6C3B;
			remoteInfo = LoginTransition;
		};
/* End PBXContainerItemProxy section */

/* Begin PBXFileReference section */
		D1B1A3EB1B2138EB00CC6C3B /* LoginTransition.app */ = {isa = PBXFileReference; explicitFileType = wrapper.application; includeInIndex = 0; path = LoginTransition.app; sourceTree = BUILT_PRODUCTS_DIR; };
		D1B1A3EF1B2138EB00CC6C3B /* Info.plist */ = {isa = PBXFileReference; lastKnownFileType = text.plist.xml; path = Info.plist; sourceTree = "<group>"; };
		D1B1A3F01B2138EB00CC6C3B /* main.m */ = {isa = PBXFileReference; lastKnownFileType = sourcecode.c.objc; path = main.m; sourceTree = "<group>"; };
		D1B1A3F21B2138EB00CC6C3B /* AppDelegate.h */ = {isa = PBXFileReference; lastKnownFileType = sourcecode.c.h; path = AppDelegate.h; sourceTree = "<group>"; };
		D1B1A3F31B2138EB00CC6C3B /* AppDelegate.m */ = {isa = PBXFileReference; lastKnownFileType = sourcecode.c.objc; path = AppDelegate.m; sourceTree = "<group>"; };
		D1B1A3F51B2138EB00CC6C3B /* ViewController.h */ = {isa = PBXFileReference; lastKnownFileType = sourcecode.c.h; path = ViewController.h; sourceTree = "<group>"; };
		D1B1A3F61B2138EB00CC6C3B /* ViewController.m */ = {isa = PBXFileReference; lastKnownFileType = sourcecode.c.objc; path = ViewController.m; sourceTree = "<group>"; };
		D1B1A3F91B2138EB00CC6C3B /* Base */ = {isa = PBXFileReference; lastKnownFileType = file.storyboard; name = Base; path = Base.lproj/Main.storyboard; sourceTree = "<group>"; };
		D1B1A3FB1B2138EB00CC6C3B /* Images.xcassets */ = {isa = PBXFileReference; lastKnownFileType = folder.assetcatalog; path = Images.xcassets; sourceTree = "<group>"; };
		D1B1A3FE1B2138EB00CC6C3B /* Base */ = {isa = PBXFileReference; lastKnownFileType = file.xib; name = Base; path = Base.lproj/LaunchScreen.xib; sourceTree = "<group>"; };
		D1B1A4041B2138EB00CC6C3B /* LoginTransitionTests.xctest */ = {isa = PBXFileReference; explicitFileType = wrapper.cfbundle; includeInIndex = 0; path = LoginTransitionTests.xctest; sourceTree = BUILT_PRODUCTS_DIR; };
		D1B1A4091B2138EB00CC6C3B /* Info.plist */ = {isa = PBXFileReference; lastKnownFileType = text.plist.xml; path = Info.plist; sourceTree = "<group>"; };
		D1B1A40A1B2138EB00CC6C3B /* LoginTransitionTests.m */ = {isa = PBXFileReference; lastKnownFileType = sourcecode.c.objc; path = LoginTransitionTests.m; sourceTree = "<group>"; };
		D1B1A4141B2138F800CC6C3B /* FYLoginTranslation.h */ = {isa = PBXFileReference; fileEncoding = 4; lastKnownFileType = sourcecode.c.h; path = FYLoginTranslation.h; sourceTree = "<group>"; };
		D1B1A4151B2138F800CC6C3B /* FYLoginTranslation.m */ = {isa = PBXFileReference; fileEncoding = 4; lastKnownFileType = sourcecode.c.objc; path = FYLoginTranslation.m; sourceTree = "<group>"; };
		D1B1A4171B21393A00CC6C3B /* SecondViewController.h */ = {isa = PBXFileReference; fileEncoding = 4; lastKnownFileType = sourcecode.c.h; path = SecondViewController.h; sourceTree = "<group>"; };
		D1B1A4181B21393A00CC6C3B /* SecondViewController.m */ = {isa = PBXFileReference; fileEncoding = 4; lastKnownFileType = sourcecode.c.objc; path = SecondViewController.m; sourceTree = "<group>"; };
		D1B1A4191B21393A00CC6C3B /* SecondViewController.xib */ = {isa = PBXFileReference; fileEncoding = 4; lastKnownFileType = file.xib; path = SecondViewController.xib; sourceTree = "<group>"; };
		D1B1A41C1B21A5E200CC6C3B /* background.jpg */ = {isa = PBXFileReference; lastKnownFileType = image.jpeg; path = background.jpg; sourceTree = "<group>"; };
		D1B1A4221B21B32300CC6C3B /* login.jpg */ = {isa = PBXFileReference; lastKnownFileType = image.jpeg; path = login.jpg; sourceTree = "<group>"; };
/* End PBXFileReference section */

/* Begin PBXFrameworksBuildPhase section */
		D1B1A3E81B2138EB00CC6C3B /* Frameworks */ = {
			isa = PBXFrameworksBuildPhase;
			buildActionMask = 2147483647;
			files = (
			);
			runOnlyForDeploymentPostprocessing = 0;
		};
		D1B1A4011B2138EB00CC6C3B /* Frameworks */ = {
			isa = PBXFrameworksBuildPhase;
			buildActionMask = 2147483647;
			files = (
			);
			runOnlyForDeploymentPostprocessing = 0;
		};
/* End PBXFrameworksBuildPhase section */

/* Begin PBXGroup section */
		D1B1A3E21B2138EB00CC6C3B = {
			isa = PBXGroup;
			children = (
				D1B1A41C1B21A5E200CC6C3B /* background.jpg */,
				D1B1A4221B21B32300CC6C3B /* login.jpg */,
				D1B1A4141B2138F800CC6C3B /* FYLoginTranslation.h */,
				D1B1A4151B2138F800CC6C3B /* FYLoginTranslation.m */,
				D1B1A3ED1B2138EB00CC6C3B /* LoginTransition */,
				D1B1A4071B2138EB00CC6C3B /* LoginTransitionTests */,
				D1B1A3EC1B2138EB00CC6C3B /* Products */,
			);
			sourceTree = "<group>";
		};
		D1B1A3EC1B2138EB00CC6C3B /* Products */ = {
			isa = PBXGroup;
			children = (
				D1B1A3EB1B2138EB00CC6C3B /* LoginTransition.app */,
				D1B1A4041B2138EB00CC6C3B /* LoginTransitionTests.xctest */,
			);
			name = Products;
			sourceTree = "<group>";
		};
		D1B1A3ED1B2138EB00CC6C3B /* LoginTransition */ = {
			isa = PBXGroup;
			children = (
				D1B1A3F21B2138EB00CC6C3B /* AppDelegate.h */,
				D1B1A3F31B2138EB00CC6C3B /* AppDelegate.m */,
				D1B1A3F51B2138EB00CC6C3B /* ViewController.h */,
				D1B1A3F61B2138EB00CC6C3B /* ViewController.m */,
				D1B1A4171B21393A00CC6C3B /* SecondViewController.h */,
				D1B1A4181B21393A00CC6C3B /* SecondViewController.m */,
				D1B1A4191B21393A00CC6C3B /* SecondViewController.xib */,
				D1B1A3F81B2138EB00CC6C3B /* Main.storyboard */,
				D1B1A3FB1B2138EB00CC6C3B /* Images.xcassets */,
				D1B1A3FD1B2138EB00CC6C3B /* LaunchScreen.xib */,
				D1B1A3EE1B2138EB00CC6C3B /* Supporting Files */,
			);
			path = LoginTransition;
			sourceTree = "<group>";
		};
		D1B1A3EE1B2138EB00CC6C3B /* Supporting Files */ = {
			isa = PBXGroup;
			children = (
				D1B1A3EF1B2138EB00CC6C3B /* Info.plist */,
				D1B1A3F01B2138EB00CC6C3B /* main.m */,
			);
			name = "Supporting Files";
			sourceTree = "<group>";
		};
		D1B1A4071B2138EB00CC6C3B /* LoginTransitionTests */ = {
			isa = PBXGroup;
			children = (
				D1B1A40A1B2138EB00CC6C3B /* LoginTransitionTests.m */,
				D1B1A4081B2138EB00CC6C3B /* Supporting Files */,
			);
			path = LoginTransitionTests;
			sourceTree = "<group>";
		};
		D1B1A4081B2138EB00CC6C3B /* Supporting Files */ = {
			isa = PBXGroup;
			children = (
				D1B1A4091B2138EB00CC6C3B /* Info.plist */,
			);
			name = "Supporting Files";
			sourceTree = "<group>";
		};
/* End PBXGroup section */

/* Begin PBXNativeTarget section */
		D1B1A3EA1B2138EB00CC6C3B /* LoginTransition */ = {
			isa = PBXNativeTarget;
			buildConfigurationList = D1B1A40E1B2138EB00CC6C3B /* Build configuration list for PBXNativeTarget "LoginTransition" */;
			buildPhases = (
				D1B1A3E71B2138EB00CC6C3B /* Sources */,
				D1B1A3E81B2138EB00CC6C3B /* Frameworks */,
				D1B1A3E91B2138EB00CC6C3B /* Resources */,
			);
			buildRules = (
			);
			dependencies = (
			);
			name = LoginTransition;
			productName = LoginTransition;
			productReference = D1B1A3EB1B2138EB00CC6C3B /* LoginTransition.app */;
			productType = "com.apple.product-type.application";
		};
		D1B1A4031B2138EB00CC6C3B /* LoginTransitionTests */ = {
			isa = PBXNativeTarget;
			buildConfigurationList = D1B1A4111B2138EB00CC6C3B /* Build configuration list for PBXNativeTarget "LoginTransitionTests" */;
			buildPhases = (
				D1B1A4001B2138EB00CC6C3B /* Sources */,
				D1B1A4011B2138EB00CC6C3B /* Frameworks */,
				D1B1A4021B2138EB00CC6C3B /* Resources */,
			);
			buildRules = (
			);
			dependencies = (
				D1B1A4061B2138EB00CC6C3B /* PBXTargetDependency */,
			);
			name = LoginTransitionTests;
			productName = LoginTransitionTests;
			productReference = D1B1A4041B2138EB00CC6C3B /* LoginTransitionTests.xctest */;
			productType = "com.apple.product-type.bundle.unit-test";
		};
/* End PBXNativeTarget section */

/* Begin PBXProject section */
		D1B1A3E31B2138EB00CC6C3B /* Project object */ = {
			isa = PBXProject;
			attributes = {
				LastUpgradeCheck = 0630;
				ORGANIZATIONNAME = fanyingzhao;
				TargetAttributes = {
					D1B1A3EA1B2138EB00CC6C3B = {
						CreatedOnToolsVersion = 6.3.2;
					};
					D1B1A4031B2138EB00CC6C3B = {
						CreatedOnToolsVersion = 6.3.2;
						TestTargetID = D1B1A3EA1B2138EB00CC6C3B;
					};
				};
			};
			buildConfigurationList = D1B1A3E61B2138EB00CC6C3B /* Build configuration list for PBXProject "LoginTransition" */;
			compatibilityVersion = "Xcode 3.2";
			developmentRegion = English;
			hasScannedForEncodings = 0;
			knownRegions = (
				en,
				Base,
			);
			mainGroup = D1B1A3E21B2138EB00CC6C3B;
			productRefGroup = D1B1A3EC1B2138EB00CC6C3B /* Products */;
			projectDirPath = "";
			projectRoot = "";
			targets = (
				D1B1A3EA1B2138EB00CC6C3B /* LoginTransition */,
				D1B1A4031B2138EB00CC6C3B /* LoginTransitionTests */,
			);
		};
/* End PBXProject section */

/* Begin PBXResourcesBuildPhase section */
		D1B1A3E91B2138EB00CC6C3B /* Resources */ = {
			isa = PBXResourcesBuildPhase;
			buildActionMask = 2147483647;
			files = (
				D1B1A41B1B21393A00CC6C3B /* SecondViewController.xib in Resources */,
				D1B1A41D1B21A5E200CC6C3B /* background.jpg in Resources */,
				D1B1A3FA1B2138EB00CC6C3B /* Main.storyboard in Resources */,
				D1B1A3FF1B2138EB00CC6C3B /* LaunchScreen.xib in Resources */,
				D1B1A3FC1B2138EB00CC6C3B /* Images.xcassets in Resources */,
				D1B1A4231B21B32300CC6C3B /* login.jpg in Resources */,
			);
			runOnlyForDeploymentPostprocessing = 0;
		};
		D1B1A4021B2138EB00CC6C3B /* Resources */ = {
			isa = PBXResourcesBuildPhase;
			buildActionMask = 2147483647;
			files = (
			);
			runOnlyForDeploymentPostprocessing = 0;
		};
/* End PBXResourcesBuildPhase section */

/* Begin PBXSourcesBuildPhase section */
		D1B1A3E71B2138EB00CC6C3B /* Sources */ = {
			isa = PBXSourcesBuildPhase;
			buildActionMask = 2147483647;
			files = (
				D1B1A41A1B21393A00CC6C3B /* SecondViewController.m in Sources */,
				D1B1A3F71B2138EB00CC6C3B /* ViewController.m in Sources */,
				D1B1A3F41B2138EB00CC6C3B /* AppDelegate.m in Sources */,
				D1B1A4161B2138F800CC6C3B /* FYLoginTranslation.m in Sources */,
				D1B1A3F11B2138EB00CC6C3B /* main.m in Sources */,
			);
			runOnlyForDeploymentPostprocessing = 0;
		};
		D1B1A4001B2138EB00CC6C3B /* Sources */ = {
			isa = PBXSourcesBuildPhase;
			buildActionMask = 2147483647;
			files = (
				D1B1A40B1B2138EB00CC6C3B /* LoginTransitionTests.m in Sources */,
			);
			runOnlyForDeploymentPostprocessing = 0;
		};
/* End PBXSourcesBuildPhase section */

/* Begin PBXTargetDependency section */
		D1B1A4061B2138EB00CC6C3B /* PBXTargetDependency */ = {
			isa = PBXTargetDependency;
			target = D1B1A3EA1B2138EB00CC6C3B /* LoginTransition */;
			targetProxy = D1B1A4051B2138EB00CC6C3B /* PBXContainerItemProxy */;
		};
/* End PBXTargetDependency section */

/* Begin PBXVariantGroup section */
		D1B1A3F81B2138EB00CC6C3B /* Main.storyboard */ = {
			isa = PBXVariantGroup;
			children = (
				D1B1A3F91B2138EB00CC6C3B /* Base */,
			);
			name = Main.storyboard;
			sourceTree = "<group>";
		};
		D1B1A3FD1B2138EB00CC6C3B /* LaunchScreen.xib */ = {
			isa = PBXVariantGroup;
			children = (
				D1B1A3FE1B2138EB00CC6C3B /* Base */,
			);
			name = LaunchScreen.xib;
			sourceTree = "<group>";
		};
/* End PBXVariantGroup section */

/* Begin XCBuildConfiguration section */
		D1B1A40C1B2138EB00CC6C3B /* Debug */ = {
			isa = XCBuildConfiguration;
			buildSettings = {
				ALWAYS_SEARCH_USER_PATHS = NO;
				CLANG_CXX_LANGUAGE_STANDARD = "gnu++0x";
				CLANG_CXX_LIBRARY = "libc++";
				CLANG_ENABLE_MODULES = YES;
				CLANG_ENABLE_OBJC_ARC = YES;
				CLANG_WARN_BOOL_CONVERSION = YES;
				CLANG_WARN_CONSTANT_CONVERSION = YES;
				CLANG_WARN_DIRECT_OBJC_ISA_USAGE = YES_ERROR;
				CLANG_WARN_EMPTY_BODY = YES;
				CLANG_WARN_ENUM_CONVERSION = YES;
				CLANG_WARN_INT_CONVERSION = YES;
				CLANG_WARN_OBJC_ROOT_CLASS = YES_ERROR;
				CLANG_WARN_UNREACHABLE_CODE = YES;
				CLANG_WARN__DUPLICATE_METHOD_MATCH = YES;
				"CODE_SIGN_IDENTITY[sdk=iphoneos*]" = "iPhone Developer";
				COPY_PHASE_STRIP = NO;
				DEBUG_INFORMATION_FORMAT = "dwarf-with-dsym";
				ENABLE_STRICT_OBJC_MSGSEND = YES;
				GCC_C_LANGUAGE_STANDARD = gnu99;
				GCC_DYNAMIC_NO_PIC = NO;
				GCC_NO_COMMON_BLOCKS = YES;
				GCC_OPTIMIZATION_LEVEL = 0;
				GCC_PREPROCESSOR_DEFINITIONS = (
					"DEBUG=1",
					"$(inherited)",
				);
				GCC_SYMBOLS_PRIVATE_EXTERN = NO;
				GCC_WARN_64_TO_32_BIT_CONVERSION = YES;
				GCC_WARN_ABOUT_RETURN_TYPE = YES_ERROR;
				GCC_WARN_UNDECLARED_SELECTOR = YES;
				GCC_WARN_UNINITIALIZED_AUTOS = YES_AGGRESSIVE;
				GCC_WARN_UNUSED_FUNCTION = YES;
				GCC_WARN_UNUSED_VARIABLE = YES;
				IPHONEOS_DEPLOYMENT_TARGET = 8.3;
				MTL_ENABLE_DEBUG_INFO = YES;
				ONLY_ACTIVE_ARCH = YES;
				SDKROOT = iphoneos;
			};
			name = Debug;
		};
		D1B1A40D1B2138EB00CC6C3B /* Release */ = {
			isa = XCBuildConfiguration;
			buildSettings = {
				ALWAYS_SEARCH_USER_PATHS = NO;
				CLANG_CXX_LANGUAGE_STANDARD = "gnu++0x";
				CLANG_CXX_LIBRARY = "libc++";
				CLANG_ENABLE_MODULES = YES;
				CLANG_ENABLE_OBJC_ARC = YES;
				CLANG_WARN_BOOL_CONVERSION = YES;
				CLANG_WARN_CONSTANT_CONVERSION = YES;
				CLANG_WARN_DIRECT_OBJC_ISA_USAGE = YES_ERROR;
				CLANG_WARN_EMPTY_BODY = YES;
				CLANG_WARN_ENUM_CONVERSION = YES;
				CLANG_WARN_INT_CONVERSION = YES;
				CLANG_WARN_OBJC_ROOT_CLASS = YES_ERROR;
				CLANG_WARN_UNREACHABLE_CODE = YES;
				CLANG_WARN__DUPLICATE_METHOD_MATCH = YES;
				"CODE_SIGN_IDENTITY[sdk=iphoneos*]" = "iPhone Developer";
				COPY_PHASE_STRIP = NO;
				DEBUG_INFORMATION_FORMAT = "dwarf-with-dsym";
				ENABLE_NS_ASSERTIONS = NO;
				ENABLE_STRICT_OBJC_MSGSEND = YES;
				GCC_C_LANGUAGE_STANDARD = gnu99;
				GCC_NO_COMMON_BLOCKS = YES;
				GCC_WARN_64_TO_32_BIT_CONVERSION = YES;
				GCC_WARN_ABOUT_RETURN_TYPE = YES_ERROR;
				GCC_WARN_UNDECLARED_SELECTOR = YES;
				GCC_WARN_UNINITIALIZED_AUTOS = YES_AGGRESSIVE;
				GCC_WARN_UNUSED_FUNCTION = YES;
				GCC_WARN_UNUSED_VARIABLE = YES;
				IPHONEOS_DEPLOYMENT_TARGET = 8.3;
				MTL_ENABLE_DEBUG_INFO = NO;
				SDKROOT = iphoneos;
				VALIDATE_PRODUCT = YES;
			};
			name = Release;
		};
		D1B1A40F1B2138EB00CC6C3B /* Debug */ = {
			isa = XCBuildConfiguration;
			buildSettings = {
				ASSETCATALOG_COMPILER_APPICON_NAME = AppIcon;
				INFOPLIST_FILE = LoginTransition/Info.plist;
				LD_RUNPATH_SEARCH_PATHS = "$(inherited) @executable_path/Frameworks";
				PRODUCT_NAME = "$(TARGET_NAME)";
			};
			name = Debug;
		};
		D1B1A4101B2138EB00CC6C3B /* Release */ = {
			isa = XCBuildConfiguration;
			buildSettings = {
				ASSETCATALOG_COMPILER_APPICON_NAME = AppIcon;
				INFOPLIST_FILE = LoginTransition/Info.plist;
				LD_RUNPATH_SEARCH_PATHS = "$(inherited) @executable_path/Frameworks";
				PRODUCT_NAME = "$(TARGET_NAME)";
			};
			name = Release;
		};
		D1B1A4121B2138EB00CC6C3B /* Debug */ = {
			isa = XCBuildConfiguration;
			buildSettings = {
				BUNDLE_LOADER = "$(TEST_HOST)";
				FRAMEWORK_SEARCH_PATHS = (
					"$(SDKROOT)/Developer/Library/Frameworks",
					"$(inherited)",
				);
				GCC_PREPROCESSOR_DEFINITIONS = (
					"DEBUG=1",
					"$(inherited)",
				);
				INFOPLIST_FILE = LoginTransitionTests/Info.plist;
				LD_RUNPATH_SEARCH_PATHS = "$(inherited) @executable_path/Frameworks @loader_path/Frameworks";
				PRODUCT_NAME = "$(TARGET_NAME)";
				TEST_HOST = "$(BUILT_PRODUCTS_DIR)/LoginTransition.app/LoginTransition";
			};
			name = Debug;
		};
		D1B1A4131B2138EB00CC6C3B /* Release */ = {
			isa = XCBuildConfiguration;
			buildSettings = {
				BUNDLE_LOADER = "$(TEST_HOST)";
				FRAMEWORK_SEARCH_PATHS = (
					"$(SDKROOT)/Developer/Library/Frameworks",
					"$(inherited)",
				);
				INFOPLIST_FILE = LoginTransitionTests/Info.plist;
				LD_RUNPATH_SEARCH_PATHS = "$(inherited) @executable_path/Frameworks @loader_path/Frameworks";
				PRODUCT_NAME = "$(TARGET_NAME)";
				TEST_HOST = "$(BUILT_PRODUCTS_DIR)/LoginTransition.app/LoginTransition";
			};
			name = Release;
		};
/* End XCBuildConfiguration section */

/* Begin XCConfigurationList section */
		D1B1A3E61B2138EB00CC6C3B /* Build configuration list for PBXProject "LoginTransition" */ = {
			isa = XCConfigurationList;
			buildConfigurations = (
				D1B1A40C1B2138EB00CC6C3B /* Debug */,
				D1B1A40D1B2138EB00CC6C3B /* Release */,
			);
			defaultConfigurationIsVisible = 0;
			defaultConfigurationName = Release;
		};
		D1B1A40E1B2138EB00CC6C3B /* Build configuration list for PBXNativeTarget "LoginTransition" */ = {
			isa = XCConfigurationList;
			buildConfigurations = (
				D1B1A40F1B2138EB00CC6C3B /* Debug */,
				D1B1A4101B2138EB00CC6C3B /* Release */,
			);
			defaultConfigurationIsVisible = 0;
			defaultConfigurationName = Release;
		};
		D1B1A4111B2138EB00CC6C3B /* Build configuration list for PBXNativeTarget "LoginTransitionTests" */ = {
			isa = XCConfigurationList;
			buildConfigurations = (
				D1B1A4121B2138EB00CC6C3B /* Debug */,
				D1B1A4131B2138EB00CC6C3B /* Release */,
			);
			defaultConfigurationIsVisible = 0;
			defaultConfigurationName = Release;
		};
/* End XCConfigurationList section */
	};
	rootObject = D1B1A3E31B2138EB00CC6C3B /* Project object */;
}
